
Microsoft Visual Studio Solution File, Format Version 12.00
# Visual Studio Version 16
VisualStudioVersion = 16.0.30517.126
MinimumVisualStudioVersion = 10.0.40219.1
Project("{FAE04EC0-301F-11D3-BF4B-00C04F79EFBC}") = "Web", "AnnaShop\Web.csproj", "{CA62B8ED-093F-49D5-BBCB-EAE37FBDA027}"
EndProject
Project("{FAE04EC0-301F-11D3-BF4B-00C04F79EFBC}") = "_DEG", "_DEG\_DEG.csproj", "{CB1C5035-924D-4D13-AD2D-9D92F2CA8424}"
EndProject
Project("{FAE04EC0-301F-11D3-BF4B-00C04F79EFBC}") = "DataAccess", "DataAccess\DataAccess.csproj", "{F160E1C9-6BF7-4E70-9651-4DC97C327FEB}"
EndProject
Project("{FAE04EC0-301F-11D3-BF4B-00C04F79EFBC}") = "Model", "Model\Model.csproj", "{6D7FCCEE-96E2-4B77-BFD3-011FB88A37E7}"
EndProject
Project("{FAE04EC0-301F-11D3-BF4B-00C04F79EFBC}") = "Repositories", "Repositories\Repositories.csproj", "{759423DA-74E9-4791-835C-E17A46B936E6}"
EndProject
Project("{FAE04EC0-301F-11D3-BF4B-00C04F79EFBC}") = "Interfaces", "Interfaces\Interfaces.csproj", "{E70ED3F4-3C85-405E-BFEB-9E5E32384F03}"
EndProject
Global
	GlobalSection(SolutionConfigurationPlatforms) = preSolution
		Debug|Any CPU = Debug|Any CPU
		Release|Any CPU = Release|Any CPU
	EndGlobalSection
	GlobalSection(ProjectConfigurationPlatforms) = postSolution
		{CA62B8ED-093F-49D5-BBCB-EAE37FBDA027}.Debug|Any CPU.ActiveCfg = Debug|Any CPU
		{CA62B8ED-093F-49D5-BBCB-EAE37FBDA027}.Debug|Any CPU.Build.0 = Debug|Any CPU
		{CA62B8ED-093F-49D5-BBCB-EAE37FBDA027}.Release|Any CPU.ActiveCfg = Release|Any CPU
		{CA62B8ED-093F-49D5-BBCB-EAE37FBDA027}.Release|Any CPU.Build.0 = Release|Any CPU
		{CB1C5035-924D-4D13-AD2D-9D92F2CA8424}.Debug|Any CPU.ActiveCfg = Debug|Any CPU
		{CB1C5035-924D-4D13-AD2D-9D92F2CA8424}.Debug|Any CPU.Build.0 = Debug|Any CPU
		{CB1C5035-924D-4D13-AD2D-9D92F2CA8424}.Release|Any CPU.ActiveCfg = Release|Any CPU
		{CB1C5035-924D-4D13-AD2D-9D92F2CA8424}.Release|Any CPU.Build.0 = Release|Any CPU
		{F160E1C9-6BF7-4E70-9651-4DC97C327FEB}.Debug|Any CPU.ActiveCfg = Debug|Any CPU
		{F160E1C9-6BF7-4E70-9651-4DC97C327FEB}.Debug|Any CPU.Build.0 = Debug|Any CPU
		{F160E1C9-6BF7-4E70-9651-4DC97C327FEB}.Release|Any CPU.ActiveCfg = Release|Any CPU
		{F160E1C9-6BF7-4E70-9651-4DC97C327FEB}.Release|Any CPU.Build.0 = Release|Any CPU
		{6D7FCCEE-96E2-4B77-BFD3-011FB88A37E7}.Debug|Any CPU.ActiveCfg = Debug|Any CPU
		{6D7FCCEE-96E2-4B77-BFD3-011FB88A37E7}.Debug|Any CPU.Build.0 = Debug|Any CPU
		{6D7FCCEE-96E2-4B77-BFD3-011FB88A37E7}.Release|Any CPU.ActiveCfg = Release|Any CPU
		{6D7FCCEE-96E2-4B77-BFD3-011FB88A37E7}.Release|Any CPU.Build.0 = Release|Any CPU
		{759423DA-74E9-4791-835C-E17A46B936E6}.Debug|Any CPU.ActiveCfg = Debug|Any CPU
		{759423DA-74E9-4791-835C-E17A46B936E6}.Debug|Any CPU.Build.0 = Debug|Any CPU
		{759423DA-74E9-4791-835C-E17A46B936E6}.Release|Any CPU.ActiveCfg = Release|Any CPU
		{759423DA-74E9-4791-835C-E17A46B936E6}.Release|Any CPU.Build.0 = Release|Any CPU
		{E70ED3F4-3C85-405E-BFEB-9E5E32384F03}.Debug|Any CPU.ActiveCfg = Debug|Any CPU
		{E70ED3F4-3C85-405E-BFEB-9E5E32384F03}.Debug|Any CPU.Build.0 = Debug|Any CPU
		{E70ED3F4-3C85-405E-BFEB-9E5E32384F03}.Release|Any CPU.ActiveCfg = Release|Any CPU
		{E70ED3F4-3C85-405E-BFEB-9E5E32384F03}.Release|Any CPU.Build.0 = Release|Any CPU
	EndGlobalSection
	GlobalSection(SolutionProperties) = preSolution
		HideSolutionNode = FALSE
	EndGlobalSection
	GlobalSection(ExtensibilityGlobals) = postSolution
		SolutionGuid = {B8DF2484-9B8A-4E4B-A659-B098129DC3C8}
	EndGlobalSection
EndGlobal
